
Microsoft Visual Studio Solution File, Format Version 12.00
# Visual Studio for Mac
Project("{FAE04EC0-301F-11D3-BF4B-00C04F79EFBC}") = "The Pit Of The Stomach", "Assembly-CSharp.csproj", "{D00BF949-25E5-C6A6-E10F-4C1A0ACA0D47}"
EndProject
Project("{FAE04EC0-301F-11D3-BF4B-00C04F79EFBC}") = "The Pit Of The Stomach", "Assembly-CSharp-Editor.csproj", "{DC068F0E-F004-610A-61F2-17A5EAFB675F}"
EndProject
Global
	GlobalSection(SolutionConfigurationPlatforms) = preSolution
		Debug|Any CPU = Debug|Any CPU
		Release|Any CPU = Release|Any CPU
	EndGlobalSection
	GlobalSection(ProjectConfigurationPlatforms) = postSolution
		{D00BF949-25E5-C6A6-E10F-4C1A0ACA0D47}.Debug|Any CPU.ActiveCfg = Debug|Any CPU
		{D00BF949-25E5-C6A6-E10F-4C1A0ACA0D47}.Debug|Any CPU.Build.0 = Debug|Any CPU
		{D00BF949-25E5-C6A6-E10F-4C1A0ACA0D47}.Release|Any CPU.ActiveCfg = Release|Any CPU
		{D00BF949-25E5-C6A6-E10F-4C1A0ACA0D47}.Release|Any CPU.Build.0 = Release|Any CPU
		{DC068F0E-F004-610A-61F2-17A5EAFB675F}.Debug|Any CPU.ActiveCfg = Debug|Any CPU
		{DC068F0E-F004-610A-61F2-17A5EAFB675F}.Debug|Any CPU.Build.0 = Debug|Any CPU
		{DC068F0E-F004-610A-61F2-17A5EAFB675F}.Release|Any CPU.ActiveCfg = Release|Any CPU
		{DC068F0E-F004-610A-61F2-17A5EAFB675F}.Release|Any CPU.Build.0 = Release|Any CPU
	EndGlobalSection
	GlobalSection(SolutionProperties) = preSolution
		HideSolutionNode = FALSE
	EndGlobalSection
EndGlobal
